
Microsoft Visual Studio Solution File, Format Version 12.00
# Visual Studio Version 16
VisualStudioVersion = 16.0.30503.244
MinimumVisualStudioVersion = 10.0.40219.1
Project("{FAE04EC0-301F-11D3-BF4B-00C04F79EFBC}") = "CollectionsApp", "CollectionsApp\CollectionsApp.csproj", "{0B3D95E9-CF6D-4360-90B8-7CB9301A949C}"
EndProject
Global
	GlobalSection(SolutionConfigurationPlatforms) = preSolution
		Debug|Any CPU = Debug|Any CPU
		Release|Any CPU = Release|Any CPU
	EndGlobalSection
	GlobalSection(ProjectConfigurationPlatforms) = postSolution
		{0B3D95E9-CF6D-4360-90B8-7CB9301A949C}.Debug|Any CPU.ActiveCfg = Debug|Any CPU
		{0B3D95E9-CF6D-4360-90B8-7CB9301A949C}.Debug|Any CPU.Build.0 = Debug|Any CPU
		{0B3D95E9-CF6D-4360-90B8-7CB9301A949C}.Release|Any CPU.ActiveCfg = Release|Any CPU
		{0B3D95E9-CF6D-4360-90B8-7CB9301A949C}.Release|Any CPU.Build.0 = Release|Any CPU
	EndGlobalSection
	GlobalSection(SolutionProperties) = preSolution
		HideSolutionNode = FALSE
	EndGlobalSection
	GlobalSection(ExtensibilityGlobals) = postSolution
		SolutionGuid = {2587F7B8-019B-42FE-9656-B743A0DE80B0}
	EndGlobalSection
EndGlobal
